
Microsoft Visual Studio Solution File, Format Version 12.00
# Visual Studio Version 16
VisualStudioVersion = 16.0.29613.14
MinimumVisualStudioVersion = 10.0.40219.1
Project("{FAE04EC0-301F-11D3-BF4B-00C04F79EFBC}") = "Sorting", "Sorting\Sorting.csproj", "{6E5A95C4-F126-44AB-8404-42FB109E67FF}"
EndProject
Global
	GlobalSection(SolutionConfigurationPlatforms) = preSolution
		Debug|Any CPU = Debug|Any CPU
		Release|Any CPU = Release|Any CPU
	EndGlobalSection
	GlobalSection(ProjectConfigurationPlatforms) = postSolution
		{6E5A95C4-F126-44AB-8404-42FB109E67FF}.Debug|Any CPU.ActiveCfg = Debug|Any CPU
		{6E5A95C4-F126-44AB-8404-42FB109E67FF}.Debug|Any CPU.Build.0 = Debug|Any CPU
		{6E5A95C4-F126-44AB-8404-42FB109E67FF}.Release|Any CPU.ActiveCfg = Release|Any CPU
		{6E5A95C4-F126-44AB-8404-42FB109E67FF}.Release|Any CPU.Build.0 = Release|Any CPU
	EndGlobalSection
	GlobalSection(SolutionProperties) = preSolution
		HideSolutionNode = FALSE
	EndGlobalSection
	GlobalSection(ExtensibilityGlobals) = postSolution
		SolutionGuid = {CAAB611A-C6FC-47CA-8A32-DCDA31B34F45}
	EndGlobalSection
EndGlobal
